// !$*UTF8*$!
{
	archiveVersion = 1;
	classes = {
	};
	objectVersion = 77;
	objects = {

/* Begin PBXContainerItemProxy section */
		396824322CA56B61002F68AD /* PBXContainerItemProxy */ = {
			isa = PBXContainerItemProxy;
			containerPortal = 396824132CA56B5F002F68AD /* Project object */;
			proxyType = 1;
			remoteGlobalIDString = 3968241A2CA56B5F002F68AD;
			remoteInfo = sparkle;
		};
		3968243C2CA56B61002F68AD /* PBXContainerItemProxy */ = {
			isa = PBXContainerItemProxy;
			containerPortal = 396824132CA56B5F002F68AD /* Project object */;
			proxyType = 1;
			remoteGlobalIDString = 3968241A2CA56B5F002F68AD;
			remoteInfo = sparkle;
		};
/* End PBXContainerItemProxy section */

/* Begin PBXFileReference section */
		3968241B2CA56B5F002F68AD /* sparkle.app */ = {isa = PBXFileReference; explicitFileType = wrapper.application; includeInIndex = 0; path = sparkle.app; sourceTree = BUILT_PRODUCTS_DIR; };
		396824312CA56B61002F68AD /* sparkleTests.xctest */ = {isa = PBXFileReference; explicitFileType = wrapper.cfbundle; includeInIndex = 0; path = sparkleTests.xctest; sourceTree = BUILT_PRODUCTS_DIR; };
		3968243B2CA56B61002F68AD /* sparkleUITests.xctest */ = {isa = PBXFileReference; explicitFileType = wrapper.cfbundle; includeInIndex = 0; path = sparkleUITests.xctest; sourceTree = BUILT_PRODUCTS_DIR; };
/* End PBXFileReference section */

/* Begin PBXFileSystemSynchronizedBuildFileExceptionSet section */
		396824432CA56B61002F68AD /* Exceptions for "sparkle" folder in "sparkle" target */ = {
			isa = PBXFileSystemSynchronizedBuildFileExceptionSet;
			membershipExceptions = (
				Info.plist,
			);
			target = 3968241A2CA56B5F002F68AD /* sparkle */;
		};
/* End PBXFileSystemSynchronizedBuildFileExceptionSet section */

/* Begin PBXFileSystemSynchronizedRootGroup section */
		3968241D2CA56B5F002F68AD /* sparkle */ = {
			isa = PBXFileSystemSynchronizedRootGroup;
			exceptions = (
				396824432CA56B61002F68AD /* Exceptions for "sparkle" folder in "sparkle" target */,
			);
			path = sparkle;
			sourceTree = "<group>";
		};
		396824342CA56B61002F68AD /* sparkleTests */ = {
			isa = PBXFileSystemSynchronizedRootGroup;
			path = sparkleTests;
			sourceTree = "<group>";
		};
		3968243E2CA56B61002F68AD /* sparkleUITests */ = {
			isa = PBXFileSystemSynchronizedRootGroup;
			path = sparkleUITests;
			sourceTree = "<group>";
		};
/* End PBXFileSystemSynchronizedRootGroup section */

/* Begin PBXFrameworksBuildPhase section */
		396824182CA56B5F002F68AD /* Frameworks */ = {
			isa = PBXFrameworksBuildPhase;
			buildActionMask = 2147483647;
			files = (
			);
			runOnlyForDeploymentPostprocessing = 0;
		};
		3968242E2CA56B61002F68AD /* Frameworks */ = {
			isa = PBXFrameworksBuildPhase;
			buildActionMask = 2147483647;
			files = (
			);
			runOnlyForDeploymentPostprocessing = 0;
		};
		396824382CA56B61002F68AD /* Frameworks */ = {
			isa = PBXFrameworksBuildPhase;
			buildActionMask = 2147483647;
			files = (
			);
			runOnlyForDeploymentPostprocessing = 0;
		};
/* End PBXFrameworksBuildPhase section */

/* Begin PBXGroup section */
		396824122CA56B5F002F68AD = {
			isa = PBXGroup;
			children = (
				3968241D2CA56B5F002F68AD /* sparkle */,
				396824342CA56B61002F68AD /* sparkleTests */,
				3968243E2CA56B61002F68AD /* sparkleUITests */,
				3968241C2CA56B5F002F68AD /* Products */,
			);
			sourceTree = "<group>";
		};
		3968241C2CA56B5F002F68AD /* Products */ = {
			isa = PBXGroup;
			children = (
				3968241B2CA56B5F002F68AD /* sparkle.app */,
				396824312CA56B61002F68AD /* sparkleTests.xctest */,
				3968243B2CA56B61002F68AD /* sparkleUITests.xctest */,
			);
			name = Products;
			sourceTree = "<group>";
		};
/* End PBXGroup section */

/* Begin PBXNativeTarget section */
		3968241A2CA56B5F002F68AD /* sparkle */ = {
			isa = PBXNativeTarget;
			buildConfigurationList = 396824442CA56B61002F68AD /* Build configuration list for PBXNativeTarget "sparkle" */;
			buildPhases = (
				396824172CA56B5F002F68AD /* Sources */,
				396824182CA56B5F002F68AD /* Frameworks */,
				396824192CA56B5F002F68AD /* Resources */,
			);
			buildRules = (
			);
			dependencies = (
			);
			fileSystemSynchronizedGroups = (
				3968241D2CA56B5F002F68AD /* sparkle */,
			);
			name = sparkle;
			packageProductDependencies = (
			);
			productName = sparkle;
			productReference = 3968241B2CA56B5F002F68AD /* sparkle.app */;
			productType = "com.apple.product-type.application";
		};
		396824302CA56B61002F68AD /* sparkleTests */ = {
			isa = PBXNativeTarget;
			buildConfigurationList = 396824492CA56B61002F68AD /* Build configuration list for PBXNativeTarget "sparkleTests" */;
			buildPhases = (
				3968242D2CA56B61002F68AD /* Sources */,
				3968242E2CA56B61002F68AD /* Frameworks */,
				3968242F2CA56B61002F68AD /* Resources */,
			);
			buildRules = (
			);
			dependencies = (
				396824332CA56B61002F68AD /* PBXTargetDependency */,
			);
			fileSystemSynchronizedGroups = (
				396824342CA56B61002F68AD /* sparkleTests */,
			);
			name = sparkleTests;
			packageProductDependencies = (
			);
			productName = sparkleTests;
			productReference = 396824312CA56B61002F68AD /* sparkleTests.xctest */;
			productType = "com.apple.product-type.bundle.unit-test";
		};
		3968243A2CA56B61002F68AD /* sparkleUITests */ = {
			isa = PBXNativeTarget;
			buildConfigurationList = 3968244C2CA56B61002F68AD /* Build configuration list for PBXNativeTarget "sparkleUITests" */;
			buildPhases = (
				396824372CA56B61002F68AD /* Sources */,
				396824382CA56B61002F68AD /* Frameworks */,
				396824392CA56B61002F68AD /* Resources */,
			);
			buildRules = (
			);
			dependencies = (
				3968243D2CA56B61002F68AD /* PBXTargetDependency */,
			);
			fileSystemSynchronizedGroups = (
				3968243E2CA56B61002F68AD /* sparkleUITests */,
			);
			name = sparkleUITests;
			packageProductDependencies = (
			);
			productName = sparkleUITests;
			productReference = 3968243B2CA56B61002F68AD /* sparkleUITests.xctest */;
			productType = "com.apple.product-type.bundle.ui-testing";
		};
/* End PBXNativeTarget section */

/* Begin PBXProject section */
		396824132CA56B5F002F68AD /* Project object */ = {
			isa = PBXProject;
			attributes = {
				BuildIndependentTargetsInParallel = 1;
				LastSwiftUpdateCheck = 1600;
				LastUpgradeCheck = 1600;
				TargetAttributes = {
					3968241A2CA56B5F002F68AD = {
						CreatedOnToolsVersion = 16.0;
					};
					396824302CA56B61002F68AD = {
						CreatedOnToolsVersion = 16.0;
						TestTargetID = 3968241A2CA56B5F002F68AD;
					};
					3968243A2CA56B61002F68AD = {
						CreatedOnToolsVersion = 16.0;
						TestTargetID = 3968241A2CA56B5F002F68AD;
					};
				};
			};
			buildConfigurationList = 396824162CA56B5F002F68AD /* Build configuration list for PBXProject "sparkle" */;
			developmentRegion = en;
			hasScannedForEncodings = 0;
			knownRegions = (
				en,
				Base,
			);
			mainGroup = 396824122CA56B5F002F68AD;
			minimizedProjectReferenceProxies = 1;
			preferredProjectObjectVersion = 77;
			productRefGroup = 3968241C2CA56B5F002F68AD /* Products */;
			projectDirPath = "";
			projectRoot = "";
			targets = (
				3968241A2CA56B5F002F68AD /* sparkle */,
				396824302CA56B61002F68AD /* sparkleTests */,
				3968243A2CA56B61002F68AD /* sparkleUITests */,
			);
		};
/* End PBXProject section */

/* Begin PBXResourcesBuildPhase section */
		396824192CA56B5F002F68AD /* Resources */ = {
			isa = PBXResourcesBuildPhase;
			buildActionMask = 2147483647;
			files = (
			);
			runOnlyForDeploymentPostprocessing = 0;
		};
		3968242F2CA56B61002F68AD /* Resources */ = {
			isa = PBXResourcesBuildPhase;
			buildActionMask = 2147483647;
			files = (
			);
			runOnlyForDeploymentPostprocessing = 0;
		};
		396824392CA56B61002F68AD /* Resources */ = {
			isa = PBXResourcesBuildPhase;
			buildActionMask = 2147483647;
			files = (
			);
			runOnlyForDeploymentPostprocessing = 0;
		};
/* End PBXResourcesBuildPhase section */

/* Begin PBXSourcesBuildPhase section */
		396824172CA56B5F002F68AD /* Sources */ = {
			isa = PBXSourcesBuildPhase;
			buildActionMask = 2147483647;
			files = (
			);
			runOnlyForDeploymentPostprocessing = 0;
		};
		3968242D2CA56B61002F68AD /* Sources */ = {
			isa = PBXSourcesBuildPhase;
			buildActionMask = 2147483647;
			files = (
			);
			runOnlyForDeploymentPostprocessing = 0;
		};
		396824372CA56B61002F68AD /* Sources */ = {
			isa = PBXSourcesBuildPhase;
			buildActionMask = 2147483647;
			files = (
			);
			runOnlyForDeploymentPostprocessing = 0;
		};
/* End PBXSourcesBuildPhase section */

/* Begin PBXTargetDependency section */
		396824332CA56B61002F68AD /* PBXTargetDependency */ = {
			isa = PBXTargetDependency;
			target = 3968241A2CA56B5F002F68AD /* sparkle */;
			targetProxy = 396824322CA56B61002F68AD /* PBXContainerItemProxy */;
		};
		3968243D2CA56B61002F68AD /* PBXTargetDependency */ = {
			isa = PBXTargetDependency;
			target = 3968241A2CA56B5F002F68AD /* sparkle */;
			targetProxy = 3968243C2CA56B61002F68AD /* PBXContainerItemProxy */;
		};
/* End PBXTargetDependency section */

/* Begin XCBuildConfiguration section */
		396824452CA56B61002F68AD /* Debug */ = {
			isa = XCBuildConfiguration;
			buildSettings = {
				ASSETCATALOG_COMPILER_APPICON_NAME = AppIcon;
				ASSETCATALOG_COMPILER_GLOBAL_ACCENT_COLOR_NAME = AccentColor;
				CODE_SIGN_STYLE = Automatic;
				CURRENT_PROJECT_VERSION = 1;
				DEVELOPMENT_TEAM = W9P5JL4539;
				GENERATE_INFOPLIST_FILE = YES;
				INFOPLIST_FILE = sparkle/Info.plist;
				INFOPLIST_KEY_UIApplicationSupportsIndirectInputEvents = YES;
				INFOPLIST_KEY_UILaunchStoryboardName = LaunchScreen;
				INFOPLIST_KEY_UIMainStoryboardFile = Main;
				INFOPLIST_KEY_UISupportedInterfaceOrientations_iPad = "UIInterfaceOrientationPortrait UIInterfaceOrientationPortraitUpsideDown UIInterfaceOrientationLandscapeLeft UIInterfaceOrientationLandscapeRight";
				INFOPLIST_KEY_UISupportedInterfaceOrientations_iPhone = "UIInterfaceOrientationPortrait UIInterfaceOrientationLandscapeLeft UIInterfaceOrientationLandscapeRight";
				LD_RUNPATH_SEARCH_PATHS = (
					"$(inherited)",
					"@executable_path/Frameworks",
				);
				MARKETING_VERSION = 1.0;
				PRODUCT_BUNDLE_IDENTIFIER = timurenysh.sparkle;
				PRODUCT_NAME = "$(TARGET_NAME)";
				SWIFT_EMIT_LOC_STRINGS = YES;
				SWIFT_VERSION = 5.0;
				TARGETED_DEVICE_FAMILY = "1,2";
			};
			name = Debug;
		};
		396824462CA56B61002F68AD /* Release */ = {
			isa = XCBuildConfiguration;
			buildSettings = {
				ASSETCATALOG_COMPILER_APPICON_NAME = AppIcon;
				ASSETCATALOG_COMPILER_GLOBAL_ACCENT_COLOR_NAME = AccentColor;
				CODE_SIGN_STYLE = Automatic;
				CURRENT_PROJECT_VERSION = 1;
				DEVELOPMENT_TEAM = W9P5JL4539;
				GENERATE_INFOPLIST_FILE = YES;
				INFOPLIST_FILE = sparkle/Info.plist;
				INFOPLIST_KEY_UIApplicationSupportsIndirectInputEvents = YES;
				INFOPLIST_KEY_UILaunchStoryboardName = LaunchScreen;
				INFOPLIST_KEY_UIMainStoryboardFile = Main;
				INFOPLIST_KEY_UISupportedInterfaceOrientations_iPad = "UIInterfaceOrientationPortrait UIInterfaceOrientationPortraitUpsideDown UIInterfaceOrientationLandscapeLeft UIInterfaceOrientationLandscapeRight";
				INFOPLIST_KEY_UISupportedInterfaceOrientations_iPhone = "UIInterfaceOrientationPortrait UIInterfaceOrientationLandscapeLeft UIInterfaceOrientationLandscapeRight";
				LD_RUNPATH_SEARCH_PATHS = (
					"$(inherited)",
					"@executable_path/Frameworks",
				);
				MARKETING_VERSION = 1.0;
				PRODUCT_BUNDLE_IDENTIFIER = timurenysh.sparkle;
				PRODUCT_NAME = "$(TARGET_NAME)";
				SWIFT_EMIT_LOC_STRINGS = YES;
				SWIFT_VERSION = 5.0;
				TARGETED_DEVICE_FAMILY = "1,2";
			};
			name = Release;
		};
		396824472CA56B61002F68AD /* Debug */ = {
			isa = XCBuildConfiguration;
			buildSettings = {
				ALWAYS_SEARCH_USER_PATHS = NO;
				ASSETCATALOG_COMPILER_GENERATE_SWIFT_ASSET_SYMBOL_EXTENSIONS = YES;
				CLANG_ANALYZER_NONNULL = YES;
				CLANG_ANALYZER_NUMBER_OBJECT_CONVERSION = YES_AGGRESSIVE;
				CLANG_CXX_LANGUAGE_STANDARD = "gnu++20";
				CLANG_ENABLE_MODULES = YES;
				CLANG_ENABLE_OBJC_ARC = YES;
				CLANG_ENABLE_OBJC_WEAK = YES;
				CLANG_WARN_BLOCK_CAPTURE_AUTORELEASING = YES;
				CLANG_WARN_BOOL_CONVERSION = YES;
				CLANG_WARN_COMMA = YES;
				CLANG_WARN_CONSTANT_CONVERSION = YES;
				CLANG_WARN_DEPRECATED_OBJC_IMPLEMENTATIONS = YES;
				CLANG_WARN_DIRECT_OBJC_ISA_USAGE = YES_ERROR;
				CLANG_WARN_DOCUMENTATION_COMMENTS = YES;
				CLANG_WARN_EMPTY_BODY = YES;
				CLANG_WARN_ENUM_CONVERSION = YES;
				CLANG_WARN_INFINITE_RECURSION = YES;
				CLANG_WARN_INT_CONVERSION = YES;
				CLANG_WARN_NON_LITERAL_NULL_CONVERSION = YES;
				CLANG_WARN_OBJC_IMPLICIT_RETAIN_SELF = YES;
				CLANG_WARN_OBJC_LITERAL_CONVERSION = YES;
				CLANG_WARN_OBJC_ROOT_CLASS = YES_ERROR;
				CLANG_WARN_QUOTED_INCLUDE_IN_FRAMEWORK_HEADER = YES;
				CLANG_WARN_RANGE_LOOP_ANALYSIS = YES;
				CLANG_WARN_STRICT_PROTOTYPES = YES;
				CLANG_WARN_SUSPICIOUS_MOVE = YES;
				CLANG_WARN_UNGUARDED_AVAILABILITY = YES_AGGRESSIVE;
				CLANG_WARN_UNREACHABLE_CODE = YES;
				CLANG_WARN__DUPLICATE_METHOD_MATCH = YES;
				COPY_PHASE_STRIP = NO;
				DEBUG_INFORMATION_FORMAT = dwarf;
				ENABLE_STRICT_OBJC_MSGSEND = YES;
				ENABLE_TESTABILITY = YES;
				ENABLE_USER_SCRIPT_SANDBOXING = YES;
				GCC_C_LANGUAGE_STANDARD = gnu17;
				GCC_DYNAMIC_NO_PIC = NO;
				GCC_NO_COMMON_BLOCKS = YES;
				GCC_OPTIMIZATION_LEVEL = 0;
				GCC_PREPROCESSOR_DEFINITIONS = (
					"DEBUG=1",
					"$(inherited)",
				);
				GCC_WARN_64_TO_32_BIT_CONVERSION = YES;
				GCC_WARN_ABOUT_RETURN_TYPE = YES_ERROR;
				GCC_WARN_UNDECLARED_SELECTOR = YES;
				GCC_WARN_UNINITIALIZED_AUTOS = YES_AGGRESSIVE;
				GCC_WARN_UNUSED_FUNCTION = YES;
				GCC_WARN_UNUSED_VARIABLE = YES;
				IPHONEOS_DEPLOYMENT_TARGET = 18.0;
				LOCALIZATION_PREFERS_STRING_CATALOGS = YES;
				MTL_ENABLE_DEBUG_INFO = INCLUDE_SOURCE;
				MTL_FAST_MATH = YES;
				ONLY_ACTIVE_ARCH = YES;
				SDKROOT = iphoneos;
				SWIFT_ACTIVE_COMPILATION_CONDITIONS = "DEBUG $(inherited)";
				SWIFT_OPTIMIZATION_LEVEL = "-Onone";
			};
			name = Debug;
		};
		396824482CA56B61002F68AD /* Release */ = {
			isa = XCBuildConfiguration;
			buildSettings = {
				ALWAYS_SEARCH_USER_PATHS = NO;
				ASSETCATALOG_COMPILER_GENERATE_SWIFT_ASSET_SYMBOL_EXTENSIONS = YES;
				CLANG_ANALYZER_NONNULL = YES;
				CLANG_ANALYZER_NUMBER_OBJECT_CONVERSION = YES_AGGRESSIVE;
				CLANG_CXX_LANGUAGE_STANDARD = "gnu++20";
				CLANG_ENABLE_MODULES = YES;
				CLANG_ENABLE_OBJC_ARC = YES;
				CLANG_ENABLE_OBJC_WEAK = YES;
				CLANG_WARN_BLOCK_CAPTURE_AUTORELEASING = YES;
				CLANG_WARN_BOOL_CONVERSION = YES;
				CLANG_WARN_COMMA = YES;
				CLANG_WARN_CONSTANT_CONVERSION = YES;
				CLANG_WARN_DEPRECATED_OBJC_IMPLEMENTATIONS = YES;
				CLANG_WARN_DIRECT_OBJC_ISA_USAGE = YES_ERROR;
				CLANG_WARN_DOCUMENTATION_COMMENTS = YES;
				CLANG_WARN_EMPTY_BODY = YES;
				CLANG_WARN_ENUM_CONVERSION = YES;
				CLANG_WARN_INFINITE_RECURSION = YES;
				CLANG_WARN_INT_CONVERSION = YES;
				CLANG_WARN_NON_LITERAL_NULL_CONVERSION = YES;
				CLANG_WARN_OBJC_IMPLICIT_RETAIN_SELF = YES;
				CLANG_WARN_OBJC_LITERAL_CONVERSION = YES;
				CLANG_WARN_OBJC_ROOT_CLASS = YES_ERROR;
				CLANG_WARN_QUOTED_INCLUDE_IN_FRAMEWORK_HEADER = YES;
				CLANG_WARN_RANGE_LOOP_ANALYSIS = YES;
				CLANG_WARN_STRICT_PROTOTYPES = YES;
				CLANG_WARN_SUSPICIOUS_MOVE = YES;
				CLANG_WARN_UNGUARDED_AVAILABILITY = YES_AGGRESSIVE;
				CLANG_WARN_UNREACHABLE_CODE = YES;
				CLANG_WARN__DUPLICATE_METHOD_MATCH = YES;
				COPY_PHASE_STRIP = NO;
				DEBUG_INFORMATION_FORMAT = "dwarf-with-dsym";
				ENABLE_NS_ASSERTIONS = NO;
				ENABLE_STRICT_OBJC_MSGSEND = YES;
				ENABLE_USER_SCRIPT_SANDBOXING = YES;
				GCC_C_LANGUAGE_STANDARD = gnu17;
				GCC_NO_COMMON_BLOCKS = YES;
				GCC_WARN_64_TO_32_BIT_CONVERSION = YES;
				GCC_WARN_ABOUT_RETURN_TYPE = YES_ERROR;
				GCC_WARN_UNDECLARED_SELECTOR = YES;
				GCC_WARN_UNINITIALIZED_AUTOS = YES_AGGRESSIVE;
				GCC_WARN_UNUSED_FUNCTION = YES;
				GCC_WARN_UNUSED_VARIABLE = YES;
				IPHONEOS_DEPLOYMENT_TARGET = 18.0;
				LOCALIZATION_PREFERS_STRING_CATALOGS = YES;
				MTL_ENABLE_DEBUG_INFO = NO;
				MTL_FAST_MATH = YES;
				SDKROOT = iphoneos;
				SWIFT_COMPILATION_MODE = wholemodule;
				VALIDATE_PRODUCT = YES;
			};
			name = Release;
		};
		3968244A2CA56B61002F68AD /* Debug */ = {
			isa = XCBuildConfiguration;
			buildSettings = {
				BUNDLE_LOADER = "$(TEST_HOST)";
				CODE_SIGN_STYLE = Automatic;
				CURRENT_PROJECT_VERSION = 1;
				DEVELOPMENT_TEAM = W9P5JL4539;
				GENERATE_INFOPLIST_FILE = YES;
				IPHONEOS_DEPLOYMENT_TARGET = 18.0;
				MARKETING_VERSION = 1.0;
				PRODUCT_BUNDLE_IDENTIFIER = timurenysh.sparkleTests;
				PRODUCT_NAME = "$(TARGET_NAME)";
				SWIFT_EMIT_LOC_STRINGS = NO;
				SWIFT_VERSION = 5.0;
				TARGETED_DEVICE_FAMILY = "1,2";
				TEST_HOST = "$(BUILT_PRODUCTS_DIR)/sparkle.app/$(BUNDLE_EXECUTABLE_FOLDER_PATH)/sparkle";
			};
			name = Debug;
		};
		3968244B2CA56B61002F68AD /* Release */ = {
			isa = XCBuildConfiguration;
			buildSettings = {
				BUNDLE_LOADER = "$(TEST_HOST)";
				CODE_SIGN_STYLE = Automatic;
				CURRENT_PROJECT_VERSION = 1;
				DEVELOPMENT_TEAM = W9P5JL4539;
				GENERATE_INFOPLIST_FILE = YES;
				IPHONEOS_DEPLOYMENT_TARGET = 18.0;
				MARKETING_VERSION = 1.0;
				PRODUCT_BUNDLE_IDENTIFIER = timurenysh.sparkleTests;
				PRODUCT_NAME = "$(TARGET_NAME)";
				SWIFT_EMIT_LOC_STRINGS = NO;
				SWIFT_VERSION = 5.0;
				TARGETED_DEVICE_FAMILY = "1,2";
				TEST_HOST = "$(BUILT_PRODUCTS_DIR)/sparkle.app/$(BUNDLE_EXECUTABLE_FOLDER_PATH)/sparkle";
			};
			name = Release;
		};
		3968244D2CA56B61002F68AD /* Debug */ = {
			isa = XCBuildConfiguration;
			buildSettings = {
				CODE_SIGN_STYLE = Automatic;
				CURRENT_PROJECT_VERSION = 1;
				DEVELOPMENT_TEAM = W9P5JL4539;
				GENERATE_INFOPLIST_FILE = YES;
				MARKETING_VERSION = 1.0;
				PRODUCT_BUNDLE_IDENTIFIER = timurenysh.sparkleUITests;
				PRODUCT_NAME = "$(TARGET_NAME)";
				SWIFT_EMIT_LOC_STRINGS = NO;
				SWIFT_VERSION = 5.0;
				TARGETED_DEVICE_FAMILY = "1,2";
				TEST_TARGET_NAME = sparkle;
			};
			name = Debug;
		};
		3968244E2CA56B61002F68AD /* Release */ = {
			isa = XCBuildConfiguration;
			buildSettings = {
				CODE_SIGN_STYLE = Automatic;
				CURRENT_PROJECT_VERSION = 1;
				DEVELOPMENT_TEAM = W9P5JL4539;
				GENERATE_INFOPLIST_FILE = YES;
				MARKETING_VERSION = 1.0;
				PRODUCT_BUNDLE_IDENTIFIER = timurenysh.sparkleUITests;
				PRODUCT_NAME = "$(TARGET_NAME)";
				SWIFT_EMIT_LOC_STRINGS = NO;
				SWIFT_VERSION = 5.0;
				TARGETED_DEVICE_FAMILY = "1,2";
				TEST_TARGET_NAME = sparkle;
			};
			name = Release;
		};
/* End XCBuildConfiguration section */

/* Begin XCConfigurationList section */
		396824162CA56B5F002F68AD /* Build configuration list for PBXProject "sparkle" */ = {
			isa = XCConfigurationList;
			buildConfigurations = (
				396824472CA56B61002F68AD /* Debug */,
				396824482CA56B61002F68AD /* Release */,
			);
			defaultConfigurationIsVisible = 0;
			defaultConfigurationName = Release;
		};
		396824442CA56B61002F68AD /* Build configuration list for PBXNativeTarget "sparkle" */ = {
			isa = XCConfigurationList;
			buildConfigurations = (
				396824452CA56B61002F68AD /* Debug */,
				396824462CA56B61002F68AD /* Release */,
			);
			defaultConfigurationIsVisible = 0;
			defaultConfigurationName = Release;
		};
		396824492CA56B61002F68AD /* Build configuration list for PBXNativeTarget "sparkleTests" */ = {
			isa = XCConfigurationList;
			buildConfigurations = (
				3968244A2CA56B61002F68AD /* Debug */,
				3968244B2CA56B61002F68AD /* Release */,
			);
			defaultConfigurationIsVisible = 0;
			defaultConfigurationName = Release;
		};
		3968244C2CA56B61002F68AD /* Build configuration list for PBXNativeTarget "sparkleUITests" */ = {
			isa = XCConfigurationList;
			buildConfigurations = (
				3968244D2CA56B61002F68AD /* Debug */,
				3968244E2CA56B61002F68AD /* Release */,
			);
			defaultConfigurationIsVisible = 0;
			defaultConfigurationName = Release;
		};
/* End XCConfigurationList section */
	};
	rootObject = 396824132CA56B5F002F68AD /* Project object */;
}
